
Microsoft Visual Studio Solution File, Format Version 12.00
# Visual Studio 15
Project("{FAE04EC0-301F-11D3-BF4B-00C04F79EFBC}") = "UnityEngine.UI", "UnityEngine.UI.csproj", "{3E52599C-79A0-43BF-F718-976942A71570}"
EndProject
Project("{FAE04EC0-301F-11D3-BF4B-00C04F79EFBC}") = "Assembly-CSharp", "Assembly-CSharp.csproj", "{08CAF7ED-C68C-1F1E-1272-5829062A020D}"
EndProject
Project("{FAE04EC0-301F-11D3-BF4B-00C04F79EFBC}") = "UnityEditor.UI", "UnityEditor.UI.csproj", "{2FD0FEFB-5153-5AE9-EFA9-205A428093FA}"
EndProject
Project("{FAE04EC0-301F-11D3-BF4B-00C04F79EFBC}") = "Unity.2D.Sprite.Editor", "Unity.2D.Sprite.Editor.csproj", "{636AF282-FF13-6171-BE2A-6DD617EF6AF2}"
EndProject
Project("{FAE04EC0-301F-11D3-BF4B-00C04F79EFBC}") = "Unity.2D.Tilemap.Editor", "Unity.2D.Tilemap.Editor.csproj", "{F9591AA1-7521-8C3D-5C62-7AE217A8CDCB}"
EndProject
Global
	GlobalSection(SolutionConfigurationPlatforms) = preSolution
		Debug|Any CPU = Debug|Any CPU
		Release|Any CPU = Release|Any CPU
	EndGlobalSection
	GlobalSection(ProjectConfigurationPlatforms) = postSolution
		{3E52599C-79A0-43BF-F718-976942A71570}.Debug|Any CPU.ActiveCfg = Debug|Any CPU
		{3E52599C-79A0-43BF-F718-976942A71570}.Debug|Any CPU.Build.0 = Debug|Any CPU
		{3E52599C-79A0-43BF-F718-976942A71570}.Release|Any CPU.ActiveCfg = Release|Any CPU
		{3E52599C-79A0-43BF-F718-976942A71570}.Release|Any CPU.Build.0 = Release|Any CPU
		{08CAF7ED-C68C-1F1E-1272-5829062A020D}.Debug|Any CPU.ActiveCfg = Debug|Any CPU
		{08CAF7ED-C68C-1F1E-1272-5829062A020D}.Debug|Any CPU.Build.0 = Debug|Any CPU
		{08CAF7ED-C68C-1F1E-1272-5829062A020D}.Release|Any CPU.ActiveCfg = Release|Any CPU
		{08CAF7ED-C68C-1F1E-1272-5829062A020D}.Release|Any CPU.Build.0 = Release|Any CPU
		{2FD0FEFB-5153-5AE9-EFA9-205A428093FA}.Debug|Any CPU.ActiveCfg = Debug|Any CPU
		{2FD0FEFB-5153-5AE9-EFA9-205A428093FA}.Debug|Any CPU.Build.0 = Debug|Any CPU
		{2FD0FEFB-5153-5AE9-EFA9-205A428093FA}.Release|Any CPU.ActiveCfg = Release|Any CPU
		{2FD0FEFB-5153-5AE9-EFA9-205A428093FA}.Release|Any CPU.Build.0 = Release|Any CPU
		{636AF282-FF13-6171-BE2A-6DD617EF6AF2}.Debug|Any CPU.ActiveCfg = Debug|Any CPU
		{636AF282-FF13-6171-BE2A-6DD617EF6AF2}.Debug|Any CPU.Build.0 = Debug|Any CPU
		{636AF282-FF13-6171-BE2A-6DD617EF6AF2}.Release|Any CPU.ActiveCfg = Release|Any CPU
		{636AF282-FF13-6171-BE2A-6DD617EF6AF2}.Release|Any CPU.Build.0 = Release|Any CPU
		{F9591AA1-7521-8C3D-5C62-7AE217A8CDCB}.Debug|Any CPU.ActiveCfg = Debug|Any CPU
		{F9591AA1-7521-8C3D-5C62-7AE217A8CDCB}.Debug|Any CPU.Build.0 = Debug|Any CPU
		{F9591AA1-7521-8C3D-5C62-7AE217A8CDCB}.Release|Any CPU.ActiveCfg = Release|Any CPU
		{F9591AA1-7521-8C3D-5C62-7AE217A8CDCB}.Release|Any CPU.Build.0 = Release|Any CPU
	EndGlobalSection
	GlobalSection(SolutionProperties) = preSolution
		HideSolutionNode = FALSE
	EndGlobalSection
EndGlobal
